// !$*UTF8*$!
{
	archiveVersion = 1;
	classes = {
	};
	objectVersion = 77;
	objects = {

/* Begin PBXBuildFile section */
		840F58402E69BA2200850236 /* Swinject in Frameworks */ = {isa = PBXBuildFile; productRef = 840F583F2E69BA2200850236 /* Swinject */; };
		840F58432E69BA3100850236 /* Alamofire in Frameworks */ = {isa = PBXBuildFile; productRef = 840F58422E69BA3100850236 /* Alamofire */; };
		840F58702E69E71500850236 /* Config.plist in Resources */ = {isa = PBXBuildFile; fileRef = 840F586F2E69E71500850236 /* Config.plist */; };
/* End PBXBuildFile section */

/* Begin PBXContainerItemProxy section */
		844C179D2E65D0FC00A1FFD1 /* PBXContainerItemProxy */ = {
			isa = PBXContainerItemProxy;
			containerPortal = 844C17822E65D0FA00A1FFD1 /* Project object */;
			proxyType = 1;
			remoteGlobalIDString = 844C17892E65D0FA00A1FFD1;
			remoteInfo = PasarAku;
		};
		844C17A72E65D0FC00A1FFD1 /* PBXContainerItemProxy */ = {
			isa = PBXContainerItemProxy;
			containerPortal = 844C17822E65D0FA00A1FFD1 /* Project object */;
			proxyType = 1;
			remoteGlobalIDString = 844C17892E65D0FA00A1FFD1;
			remoteInfo = PasarAku;
		};
/* End PBXContainerItemProxy section */

/* Begin PBXCopyFilesBuildPhase section */
		840F58342E69B98600850236 /* Embed Frameworks */ = {
			isa = PBXCopyFilesBuildPhase;
			buildActionMask = 2147483647;
			dstPath = "";
			dstSubfolderSpec = 10;
			files = (
			);
			name = "Embed Frameworks";
			runOnlyForDeploymentPostprocessing = 0;
		};
/* End PBXCopyFilesBuildPhase section */

/* Begin PBXFileReference section */
		840F586F2E69E71500850236 /* Config.plist */ = {isa = PBXFileReference; lastKnownFileType = text.plist.xml; path = Config.plist; sourceTree = "<group>"; };
		844C178A2E65D0FA00A1FFD1 /* PasarAku.app */ = {isa = PBXFileReference; explicitFileType = wrapper.application; includeInIndex = 0; path = PasarAku.app; sourceTree = BUILT_PRODUCTS_DIR; };
		844C179C2E65D0FC00A1FFD1 /* PasarAkuTests.xctest */ = {isa = PBXFileReference; explicitFileType = wrapper.cfbundle; includeInIndex = 0; path = PasarAkuTests.xctest; sourceTree = BUILT_PRODUCTS_DIR; };
		844C17A62E65D0FC00A1FFD1 /* PasarAkuUITests.xctest */ = {isa = PBXFileReference; explicitFileType = wrapper.cfbundle; includeInIndex = 0; path = PasarAkuUITests.xctest; sourceTree = BUILT_PRODUCTS_DIR; };
/* End PBXFileReference section */

/* Begin PBXFileSystemSynchronizedRootGroup section */
		844C178C2E65D0FA00A1FFD1 /* PasarAku */ = {
			isa = PBXFileSystemSynchronizedRootGroup;
			path = PasarAku;
			sourceTree = "<group>";
		};
		844C179F2E65D0FC00A1FFD1 /* PasarAkuTests */ = {
			isa = PBXFileSystemSynchronizedRootGroup;
			path = PasarAkuTests;
			sourceTree = "<group>";
		};
		844C17A92E65D0FC00A1FFD1 /* PasarAkuUITests */ = {
			isa = PBXFileSystemSynchronizedRootGroup;
			path = PasarAkuUITests;
			sourceTree = "<group>";
		};
/* End PBXFileSystemSynchronizedRootGroup section */

/* Begin PBXFrameworksBuildPhase section */
		844C17872E65D0FA00A1FFD1 /* Frameworks */ = {
			isa = PBXFrameworksBuildPhase;
			buildActionMask = 2147483647;
			files = (
				840F58402E69BA2200850236 /* Swinject in Frameworks */,
				840F58432E69BA3100850236 /* Alamofire in Frameworks */,
			);
			runOnlyForDeploymentPostprocessing = 0;
		};
		844C17992E65D0FC00A1FFD1 /* Frameworks */ = {
			isa = PBXFrameworksBuildPhase;
			buildActionMask = 2147483647;
			files = (
			);
			runOnlyForDeploymentPostprocessing = 0;
		};
		844C17A32E65D0FC00A1FFD1 /* Frameworks */ = {
			isa = PBXFrameworksBuildPhase;
			buildActionMask = 2147483647;
			files = (
			);
			runOnlyForDeploymentPostprocessing = 0;
		};
/* End PBXFrameworksBuildPhase section */

/* Begin PBXGroup section */
		840F582E2E69B98100850236 /* Frameworks */ = {
			isa = PBXGroup;
			children = (
			);
			name = Frameworks;
			sourceTree = "<group>";
		};
		844C17812E65D0FA00A1FFD1 = {
			isa = PBXGroup;
			children = (
				840F586F2E69E71500850236 /* Config.plist */,
				844C178C2E65D0FA00A1FFD1 /* PasarAku */,
				844C179F2E65D0FC00A1FFD1 /* PasarAkuTests */,
				844C17A92E65D0FC00A1FFD1 /* PasarAkuUITests */,
				840F582E2E69B98100850236 /* Frameworks */,
				844C178B2E65D0FA00A1FFD1 /* Products */,
			);
			sourceTree = "<group>";
		};
		844C178B2E65D0FA00A1FFD1 /* Products */ = {
			isa = PBXGroup;
			children = (
				844C178A2E65D0FA00A1FFD1 /* PasarAku.app */,
				844C179C2E65D0FC00A1FFD1 /* PasarAkuTests.xctest */,
				844C17A62E65D0FC00A1FFD1 /* PasarAkuUITests.xctest */,
			);
			name = Products;
			sourceTree = "<group>";
		};
/* End PBXGroup section */

/* Begin PBXNativeTarget section */
		844C17892E65D0FA00A1FFD1 /* PasarAku */ = {
			isa = PBXNativeTarget;
			buildConfigurationList = 844C17B02E65D0FC00A1FFD1 /* Build configuration list for PBXNativeTarget "PasarAku" */;
			buildPhases = (
				844C17862E65D0FA00A1FFD1 /* Sources */,
				844C17872E65D0FA00A1FFD1 /* Frameworks */,
				844C17882E65D0FA00A1FFD1 /* Resources */,
				840F58342E69B98600850236 /* Embed Frameworks */,
			);
			buildRules = (
			);
			dependencies = (
			);
			fileSystemSynchronizedGroups = (
				844C178C2E65D0FA00A1FFD1 /* PasarAku */,
			);
			name = PasarAku;
			packageProductDependencies = (
				840F583F2E69BA2200850236 /* Swinject */,
				840F58422E69BA3100850236 /* Alamofire */,
			);
			productName = PasarAku;
			productReference = 844C178A2E65D0FA00A1FFD1 /* PasarAku.app */;
			productType = "com.apple.product-type.application";
		};
		844C179B2E65D0FC00A1FFD1 /* PasarAkuTests */ = {
			isa = PBXNativeTarget;
			buildConfigurationList = 844C17B32E65D0FC00A1FFD1 /* Build configuration list for PBXNativeTarget "PasarAkuTests" */;
			buildPhases = (
				844C17982E65D0FC00A1FFD1 /* Sources */,
				844C17992E65D0FC00A1FFD1 /* Frameworks */,
				844C179A2E65D0FC00A1FFD1 /* Resources */,
			);
			buildRules = (
			);
			dependencies = (
				844C179E2E65D0FC00A1FFD1 /* PBXTargetDependency */,
			);
			fileSystemSynchronizedGroups = (
				844C179F2E65D0FC00A1FFD1 /* PasarAkuTests */,
			);
			name = PasarAkuTests;
			packageProductDependencies = (
			);
			productName = PasarAkuTests;
			productReference = 844C179C2E65D0FC00A1FFD1 /* PasarAkuTests.xctest */;
			productType = "com.apple.product-type.bundle.unit-test";
		};
		844C17A52E65D0FC00A1FFD1 /* PasarAkuUITests */ = {
			isa = PBXNativeTarget;
			buildConfigurationList = 844C17B62E65D0FC00A1FFD1 /* Build configuration list for PBXNativeTarget "PasarAkuUITests" */;
			buildPhases = (
				844C17A22E65D0FC00A1FFD1 /* Sources */,
				844C17A32E65D0FC00A1FFD1 /* Frameworks */,
				844C17A42E65D0FC00A1FFD1 /* Resources */,
			);
			buildRules = (
			);
			dependencies = (
				844C17A82E65D0FC00A1FFD1 /* PBXTargetDependency */,
			);
			fileSystemSynchronizedGroups = (
				844C17A92E65D0FC00A1FFD1 /* PasarAkuUITests */,
			);
			name = PasarAkuUITests;
			packageProductDependencies = (
			);
			productName = PasarAkuUITests;
			productReference = 844C17A62E65D0FC00A1FFD1 /* PasarAkuUITests.xctest */;
			productType = "com.apple.product-type.bundle.ui-testing";
		};
/* End PBXNativeTarget section */

/* Begin PBXProject section */
		844C17822E65D0FA00A1FFD1 /* Project object */ = {
			isa = PBXProject;
			attributes = {
				BuildIndependentTargetsInParallel = 1;
				LastSwiftUpdateCheck = 1620;
				LastUpgradeCheck = 1620;
				TargetAttributes = {
					844C17892E65D0FA00A1FFD1 = {
						CreatedOnToolsVersion = 16.2;
					};
					844C179B2E65D0FC00A1FFD1 = {
						CreatedOnToolsVersion = 16.2;
						TestTargetID = 844C17892E65D0FA00A1FFD1;
					};
					844C17A52E65D0FC00A1FFD1 = {
						CreatedOnToolsVersion = 16.2;
						TestTargetID = 844C17892E65D0FA00A1FFD1;
					};
				};
			};
			buildConfigurationList = 844C17852E65D0FA00A1FFD1 /* Build configuration list for PBXProject "PasarAku" */;
			developmentRegion = en;
			hasScannedForEncodings = 0;
			knownRegions = (
				en,
				Base,
			);
			mainGroup = 844C17812E65D0FA00A1FFD1;
			minimizedProjectReferenceProxies = 1;
			packageReferences = (
				840F583E2E69BA2200850236 /* XCRemoteSwiftPackageReference "Swinject" */,
				840F58412E69BA3100850236 /* XCRemoteSwiftPackageReference "Alamofire" */,
			);
			preferredProjectObjectVersion = 77;
			productRefGroup = 844C178B2E65D0FA00A1FFD1 /* Products */;
			projectDirPath = "";
			projectRoot = "";
			targets = (
				844C17892E65D0FA00A1FFD1 /* PasarAku */,
				844C179B2E65D0FC00A1FFD1 /* PasarAkuTests */,
				844C17A52E65D0FC00A1FFD1 /* PasarAkuUITests */,
			);
		};
/* End PBXProject section */

/* Begin PBXResourcesBuildPhase section */
		844C17882E65D0FA00A1FFD1 /* Resources */ = {
			isa = PBXResourcesBuildPhase;
			buildActionMask = 2147483647;
			files = (
				840F58702E69E71500850236 /* Config.plist in Resources */,
			);
			runOnlyForDeploymentPostprocessing = 0;
		};
		844C179A2E65D0FC00A1FFD1 /* Resources */ = {
			isa = PBXResourcesBuildPhase;
			buildActionMask = 2147483647;
			files = (
			);
			runOnlyForDeploymentPostprocessing = 0;
		};
		844C17A42E65D0FC00A1FFD1 /* Resources */ = {
			isa = PBXResourcesBuildPhase;
			buildActionMask = 2147483647;
			files = (
			);
			runOnlyForDeploymentPostprocessing = 0;
		};
/* End PBXResourcesBuildPhase section */

/* Begin PBXSourcesBuildPhase section */
		844C17862E65D0FA00A1FFD1 /* Sources */ = {
			isa = PBXSourcesBuildPhase;
			buildActionMask = 2147483647;
			files = (
			);
			runOnlyForDeploymentPostprocessing = 0;
		};
		844C17982E65D0FC00A1FFD1 /* Sources */ = {
			isa = PBXSourcesBuildPhase;
			buildActionMask = 2147483647;
			files = (
			);
			runOnlyForDeploymentPostprocessing = 0;
		};
		844C17A22E65D0FC00A1FFD1 /* Sources */ = {
			isa = PBXSourcesBuildPhase;
			buildActionMask = 2147483647;
			files = (
			);
			runOnlyForDeploymentPostprocessing = 0;
		};
/* End PBXSourcesBuildPhase section */

/* Begin PBXTargetDependency section */
		844C179E2E65D0FC00A1FFD1 /* PBXTargetDependency */ = {
			isa = PBXTargetDependency;
			target = 844C17892E65D0FA00A1FFD1 /* PasarAku */;
			targetProxy = 844C179D2E65D0FC00A1FFD1 /* PBXContainerItemProxy */;
		};
		844C17A82E65D0FC00A1FFD1 /* PBXTargetDependency */ = {
			isa = PBXTargetDependency;
			target = 844C17892E65D0FA00A1FFD1 /* PasarAku */;
			targetProxy = 844C17A72E65D0FC00A1FFD1 /* PBXContainerItemProxy */;
		};
/* End PBXTargetDependency section */

/* Begin XCBuildConfiguration section */
		844C17AE2E65D0FC00A1FFD1 /* Debug */ = {
			isa = XCBuildConfiguration;
			buildSettings = {
				ALWAYS_SEARCH_USER_PATHS = NO;
				ASSETCATALOG_COMPILER_GENERATE_SWIFT_ASSET_SYMBOL_EXTENSIONS = YES;
				CLANG_ANALYZER_NONNULL = YES;
				CLANG_ANALYZER_NUMBER_OBJECT_CONVERSION = YES_AGGRESSIVE;
				CLANG_CXX_LANGUAGE_STANDARD = "gnu++20";
				CLANG_ENABLE_MODULES = YES;
				CLANG_ENABLE_OBJC_ARC = YES;
				CLANG_ENABLE_OBJC_WEAK = YES;
				CLANG_WARN_BLOCK_CAPTURE_AUTORELEASING = YES;
				CLANG_WARN_BOOL_CONVERSION = YES;
				CLANG_WARN_COMMA = YES;
				CLANG_WARN_CONSTANT_CONVERSION = YES;
				CLANG_WARN_DEPRECATED_OBJC_IMPLEMENTATIONS = YES;
				CLANG_WARN_DIRECT_OBJC_ISA_USAGE = YES_ERROR;
				CLANG_WARN_DOCUMENTATION_COMMENTS = YES;
				CLANG_WARN_EMPTY_BODY = YES;
				CLANG_WARN_ENUM_CONVERSION = YES;
				CLANG_WARN_INFINITE_RECURSION = YES;
				CLANG_WARN_INT_CONVERSION = YES;
				CLANG_WARN_NON_LITERAL_NULL_CONVERSION = YES;
				CLANG_WARN_OBJC_IMPLICIT_RETAIN_SELF = YES;
				CLANG_WARN_OBJC_LITERAL_CONVERSION = YES;
				CLANG_WARN_OBJC_ROOT_CLASS = YES_ERROR;
				CLANG_WARN_QUOTED_INCLUDE_IN_FRAMEWORK_HEADER = YES;
				CLANG_WARN_RANGE_LOOP_ANALYSIS = YES;
				CLANG_WARN_STRICT_PROTOTYPES = YES;
				CLANG_WARN_SUSPICIOUS_MOVE = YES;
				CLANG_WARN_UNGUARDED_AVAILABILITY = YES_AGGRESSIVE;
				CLANG_WARN_UNREACHABLE_CODE = YES;
				CLANG_WARN__DUPLICATE_METHOD_MATCH = YES;
				COPY_PHASE_STRIP = NO;
				DEBUG_INFORMATION_FORMAT = dwarf;
				ENABLE_STRICT_OBJC_MSGSEND = YES;
				ENABLE_TESTABILITY = YES;
				ENABLE_USER_SCRIPT_SANDBOXING = YES;
				GCC_C_LANGUAGE_STANDARD = gnu17;
				GCC_DYNAMIC_NO_PIC = NO;
				GCC_NO_COMMON_BLOCKS = YES;
				GCC_OPTIMIZATION_LEVEL = 0;
				GCC_PREPROCESSOR_DEFINITIONS = (
					"DEBUG=1",
					"$(inherited)",
				);
				GCC_WARN_64_TO_32_BIT_CONVERSION = YES;
				GCC_WARN_ABOUT_RETURN_TYPE = YES_ERROR;
				GCC_WARN_UNDECLARED_SELECTOR = YES;
				GCC_WARN_UNINITIALIZED_AUTOS = YES_AGGRESSIVE;
				GCC_WARN_UNUSED_FUNCTION = YES;
				GCC_WARN_UNUSED_VARIABLE = YES;
				"INFOPLIST_FILE[sdk=*]" = Config.plist;
				IPHONEOS_DEPLOYMENT_TARGET = 18.2;
				LOCALIZATION_PREFERS_STRING_CATALOGS = YES;
				MTL_ENABLE_DEBUG_INFO = INCLUDE_SOURCE;
				MTL_FAST_MATH = YES;
				ONLY_ACTIVE_ARCH = YES;
				SDKROOT = iphoneos;
				SWIFT_ACTIVE_COMPILATION_CONDITIONS = "DEBUG $(inherited)";
				SWIFT_OPTIMIZATION_LEVEL = "-Onone";
			};
			name = Debug;
		};
		844C17AF2E65D0FC00A1FFD1 /* Release */ = {
			isa = XCBuildConfiguration;
			buildSettings = {
				ALWAYS_SEARCH_USER_PATHS = NO;
				ASSETCATALOG_COMPILER_GENERATE_SWIFT_ASSET_SYMBOL_EXTENSIONS = YES;
				CLANG_ANALYZER_NONNULL = YES;
				CLANG_ANALYZER_NUMBER_OBJECT_CONVERSION = YES_AGGRESSIVE;
				CLANG_CXX_LANGUAGE_STANDARD = "gnu++20";
				CLANG_ENABLE_MODULES = YES;
				CLANG_ENABLE_OBJC_ARC = YES;
				CLANG_ENABLE_OBJC_WEAK = YES;
				CLANG_WARN_BLOCK_CAPTURE_AUTORELEASING = YES;
				CLANG_WARN_BOOL_CONVERSION = YES;
				CLANG_WARN_COMMA = YES;
				CLANG_WARN_CONSTANT_CONVERSION = YES;
				CLANG_WARN_DEPRECATED_OBJC_IMPLEMENTATIONS = YES;
				CLANG_WARN_DIRECT_OBJC_ISA_USAGE = YES_ERROR;
				CLANG_WARN_DOCUMENTATION_COMMENTS = YES;
				CLANG_WARN_EMPTY_BODY = YES;
				CLANG_WARN_ENUM_CONVERSION = YES;
				CLANG_WARN_INFINITE_RECURSION = YES;
				CLANG_WARN_INT_CONVERSION = YES;
				CLANG_WARN_NON_LITERAL_NULL_CONVERSION = YES;
				CLANG_WARN_OBJC_IMPLICIT_RETAIN_SELF = YES;
				CLANG_WARN_OBJC_LITERAL_CONVERSION = YES;
				CLANG_WARN_OBJC_ROOT_CLASS = YES_ERROR;
				CLANG_WARN_QUOTED_INCLUDE_IN_FRAMEWORK_HEADER = YES;
				CLANG_WARN_RANGE_LOOP_ANALYSIS = YES;
				CLANG_WARN_STRICT_PROTOTYPES = YES;
				CLANG_WARN_SUSPICIOUS_MOVE = YES;
				CLANG_WARN_UNGUARDED_AVAILABILITY = YES_AGGRESSIVE;
				CLANG_WARN_UNREACHABLE_CODE = YES;
				CLANG_WARN__DUPLICATE_METHOD_MATCH = YES;
				COPY_PHASE_STRIP = NO;
				DEBUG_INFORMATION_FORMAT = "dwarf-with-dsym";
				ENABLE_NS_ASSERTIONS = NO;
				ENABLE_STRICT_OBJC_MSGSEND = YES;
				ENABLE_USER_SCRIPT_SANDBOXING = YES;
				GCC_C_LANGUAGE_STANDARD = gnu17;
				GCC_NO_COMMON_BLOCKS = YES;
				GCC_WARN_64_TO_32_BIT_CONVERSION = YES;
				GCC_WARN_ABOUT_RETURN_TYPE = YES_ERROR;
				GCC_WARN_UNDECLARED_SELECTOR = YES;
				GCC_WARN_UNINITIALIZED_AUTOS = YES_AGGRESSIVE;
				GCC_WARN_UNUSED_FUNCTION = YES;
				GCC_WARN_UNUSED_VARIABLE = YES;
				"INFOPLIST_FILE[sdk=*]" = Config.plist;
				IPHONEOS_DEPLOYMENT_TARGET = 18.2;
				LOCALIZATION_PREFERS_STRING_CATALOGS = YES;
				MTL_ENABLE_DEBUG_INFO = NO;
				MTL_FAST_MATH = YES;
				SDKROOT = iphoneos;
				SWIFT_COMPILATION_MODE = wholemodule;
				VALIDATE_PRODUCT = YES;
			};
			name = Release;
		};
		844C17B12E65D0FC00A1FFD1 /* Debug */ = {
			isa = XCBuildConfiguration;
			buildSettings = {
				ASSETCATALOG_COMPILER_APPICON_NAME = AppIcon;
				ASSETCATALOG_COMPILER_GLOBAL_ACCENT_COLOR_NAME = AccentColor;
				CODE_SIGN_STYLE = Automatic;
				CURRENT_PROJECT_VERSION = 1;
				DEVELOPMENT_ASSET_PATHS = "\"PasarAku/Preview Content\"";
				DEVELOPMENT_TEAM = D9B2WL6C54;
				ENABLE_PREVIEWS = YES;
				GENERATE_INFOPLIST_FILE = YES;
				INFOPLIST_KEY_UIApplicationSceneManifest_Generation = YES;
				INFOPLIST_KEY_UIApplicationSupportsIndirectInputEvents = YES;
				INFOPLIST_KEY_UILaunchScreen_Generation = YES;
				INFOPLIST_KEY_UISupportedInterfaceOrientations_iPad = "UIInterfaceOrientationPortrait UIInterfaceOrientationPortraitUpsideDown UIInterfaceOrientationLandscapeLeft UIInterfaceOrientationLandscapeRight";
				INFOPLIST_KEY_UISupportedInterfaceOrientations_iPhone = "UIInterfaceOrientationPortrait UIInterfaceOrientationLandscapeLeft UIInterfaceOrientationLandscapeRight";
				LD_RUNPATH_SEARCH_PATHS = (
					"$(inherited)",
					"@executable_path/Frameworks",
				);
				MARKETING_VERSION = 1.0;
				PRODUCT_BUNDLE_IDENTIFIER = com.surelabs.PasarAku;
				PRODUCT_NAME = "$(TARGET_NAME)";
				SWIFT_EMIT_LOC_STRINGS = YES;
				SWIFT_VERSION = 5.0;
				TARGETED_DEVICE_FAMILY = "1,2";
			};
			name = Debug;
		};
		844C17B22E65D0FC00A1FFD1 /* Release */ = {
			isa = XCBuildConfiguration;
			buildSettings = {
				ASSETCATALOG_COMPILER_APPICON_NAME = AppIcon;
				ASSETCATALOG_COMPILER_GLOBAL_ACCENT_COLOR_NAME = AccentColor;
				CODE_SIGN_STYLE = Automatic;
				CURRENT_PROJECT_VERSION = 1;
				DEVELOPMENT_ASSET_PATHS = "\"PasarAku/Preview Content\"";
				DEVELOPMENT_TEAM = D9B2WL6C54;
				ENABLE_PREVIEWS = YES;
				GENERATE_INFOPLIST_FILE = YES;
				INFOPLIST_KEY_UIApplicationSceneManifest_Generation = YES;
				INFOPLIST_KEY_UIApplicationSupportsIndirectInputEvents = YES;
				INFOPLIST_KEY_UILaunchScreen_Generation = YES;
				INFOPLIST_KEY_UISupportedInterfaceOrientations_iPad = "UIInterfaceOrientationPortrait UIInterfaceOrientationPortraitUpsideDown UIInterfaceOrientationLandscapeLeft UIInterfaceOrientationLandscapeRight";
				INFOPLIST_KEY_UISupportedInterfaceOrientations_iPhone = "UIInterfaceOrientationPortrait UIInterfaceOrientationLandscapeLeft UIInterfaceOrientationLandscapeRight";
				LD_RUNPATH_SEARCH_PATHS = (
					"$(inherited)",
					"@executable_path/Frameworks",
				);
				MARKETING_VERSION = 1.0;
				PRODUCT_BUNDLE_IDENTIFIER = com.surelabs.PasarAku;
				PRODUCT_NAME = "$(TARGET_NAME)";
				SWIFT_EMIT_LOC_STRINGS = YES;
				SWIFT_VERSION = 5.0;
				TARGETED_DEVICE_FAMILY = "1,2";
			};
			name = Release;
		};
		844C17B42E65D0FC00A1FFD1 /* Debug */ = {
			isa = XCBuildConfiguration;
			buildSettings = {
				BUNDLE_LOADER = "$(TEST_HOST)";
				CODE_SIGN_STYLE = Automatic;
				CURRENT_PROJECT_VERSION = 1;
				DEVELOPMENT_TEAM = D9B2WL6C54;
				GENERATE_INFOPLIST_FILE = YES;
				IPHONEOS_DEPLOYMENT_TARGET = 18.2;
				MARKETING_VERSION = 1.0;
				PRODUCT_BUNDLE_IDENTIFIER = com.surelabs.PasarAkuTests;
				PRODUCT_NAME = "$(TARGET_NAME)";
				SWIFT_EMIT_LOC_STRINGS = NO;
				SWIFT_VERSION = 5.0;
				TARGETED_DEVICE_FAMILY = "1,2";
				TEST_HOST = "$(BUILT_PRODUCTS_DIR)/PasarAku.app/$(BUNDLE_EXECUTABLE_FOLDER_PATH)/PasarAku";
			};
			name = Debug;
		};
		844C17B52E65D0FC00A1FFD1 /* Release */ = {
			isa = XCBuildConfiguration;
			buildSettings = {
				BUNDLE_LOADER = "$(TEST_HOST)";
				CODE_SIGN_STYLE = Automatic;
				CURRENT_PROJECT_VERSION = 1;
				DEVELOPMENT_TEAM = D9B2WL6C54;
				GENERATE_INFOPLIST_FILE = YES;
				IPHONEOS_DEPLOYMENT_TARGET = 18.2;
				MARKETING_VERSION = 1.0;
				PRODUCT_BUNDLE_IDENTIFIER = com.surelabs.PasarAkuTests;
				PRODUCT_NAME = "$(TARGET_NAME)";
				SWIFT_EMIT_LOC_STRINGS = NO;
				SWIFT_VERSION = 5.0;
				TARGETED_DEVICE_FAMILY = "1,2";
				TEST_HOST = "$(BUILT_PRODUCTS_DIR)/PasarAku.app/$(BUNDLE_EXECUTABLE_FOLDER_PATH)/PasarAku";
			};
			name = Release;
		};
		844C17B72E65D0FC00A1FFD1 /* Debug */ = {
			isa = XCBuildConfiguration;
			buildSettings = {
				CODE_SIGN_STYLE = Automatic;
				CURRENT_PROJECT_VERSION = 1;
				DEVELOPMENT_TEAM = D9B2WL6C54;
				GENERATE_INFOPLIST_FILE = YES;
				MARKETING_VERSION = 1.0;
				PRODUCT_BUNDLE_IDENTIFIER = com.surelabs.PasarAkuUITests;
				PRODUCT_NAME = "$(TARGET_NAME)";
				SWIFT_EMIT_LOC_STRINGS = NO;
				SWIFT_VERSION = 5.0;
				TARGETED_DEVICE_FAMILY = "1,2";
				TEST_TARGET_NAME = PasarAku;
			};
			name = Debug;
		};
		844C17B82E65D0FC00A1FFD1 /* Release */ = {
			isa = XCBuildConfiguration;
			buildSettings = {
				CODE_SIGN_STYLE = Automatic;
				CURRENT_PROJECT_VERSION = 1;
				DEVELOPMENT_TEAM = D9B2WL6C54;
				GENERATE_INFOPLIST_FILE = YES;
				MARKETING_VERSION = 1.0;
				PRODUCT_BUNDLE_IDENTIFIER = com.surelabs.PasarAkuUITests;
				PRODUCT_NAME = "$(TARGET_NAME)";
				SWIFT_EMIT_LOC_STRINGS = NO;
				SWIFT_VERSION = 5.0;
				TARGETED_DEVICE_FAMILY = "1,2";
				TEST_TARGET_NAME = PasarAku;
			};
			name = Release;
		};
/* End XCBuildConfiguration section */

/* Begin XCConfigurationList section */
		844C17852E65D0FA00A1FFD1 /* Build configuration list for PBXProject "PasarAku" */ = {
			isa = XCConfigurationList;
			buildConfigurations = (
				844C17AE2E65D0FC00A1FFD1 /* Debug */,
				844C17AF2E65D0FC00A1FFD1 /* Release */,
			);
			defaultConfigurationIsVisible = 0;
			defaultConfigurationName = Release;
		};
		844C17B02E65D0FC00A1FFD1 /* Build configuration list for PBXNativeTarget "PasarAku" */ = {
			isa = XCConfigurationList;
			buildConfigurations = (
				844C17B12E65D0FC00A1FFD1 /* Debug */,
				844C17B22E65D0FC00A1FFD1 /* Release */,
			);
			defaultConfigurationIsVisible = 0;
			defaultConfigurationName = Release;
		};
		844C17B32E65D0FC00A1FFD1 /* Build configuration list for PBXNativeTarget "PasarAkuTests" */ = {
			isa = XCConfigurationList;
			buildConfigurations = (
				844C17B42E65D0FC00A1FFD1 /* Debug */,
				844C17B52E65D0FC00A1FFD1 /* Release */,
			);
			defaultConfigurationIsVisible = 0;
			defaultConfigurationName = Release;
		};
		844C17B62E65D0FC00A1FFD1 /* Build configuration list for PBXNativeTarget "PasarAkuUITests" */ = {
			isa = XCConfigurationList;
			buildConfigurations = (
				844C17B72E65D0FC00A1FFD1 /* Debug */,
				844C17B82E65D0FC00A1FFD1 /* Release */,
			);
			defaultConfigurationIsVisible = 0;
			defaultConfigurationName = Release;
		};
/* End XCConfigurationList section */

/* Begin XCRemoteSwiftPackageReference section */
		840F583E2E69BA2200850236 /* XCRemoteSwiftPackageReference "Swinject" */ = {
			isa = XCRemoteSwiftPackageReference;
			repositoryURL = "https://github.com/Swinject/Swinject.git";
			requirement = {
				kind = upToNextMajorVersion;
				minimumVersion = 2.10.0;
			};
		};
		840F58412E69BA3100850236 /* XCRemoteSwiftPackageReference "Alamofire" */ = {
			isa = XCRemoteSwiftPackageReference;
			repositoryURL = "https://github.com/Alamofire/Alamofire.git";
			requirement = {
				kind = upToNextMajorVersion;
				minimumVersion = 5.10.2;
			};
		};
/* End XCRemoteSwiftPackageReference section */

/* Begin XCSwiftPackageProductDependency section */
		840F583F2E69BA2200850236 /* Swinject */ = {
			isa = XCSwiftPackageProductDependency;
			package = 840F583E2E69BA2200850236 /* XCRemoteSwiftPackageReference "Swinject" */;
			productName = Swinject;
		};
		840F58422E69BA3100850236 /* Alamofire */ = {
			isa = XCSwiftPackageProductDependency;
			package = 840F58412E69BA3100850236 /* XCRemoteSwiftPackageReference "Alamofire" */;
			productName = Alamofire;
		};
/* End XCSwiftPackageProductDependency section */
	};
	rootObject = 844C17822E65D0FA00A1FFD1 /* Project object */;
}
